{
  "name": "hjyx_app",
  "version": "1.0.0",
  "lockfileVersion": 2,
  "requires": true,
  "packages": {
    "": {
      "name": "hjyx_app",
      "version": "1.0.0",
      "license": "ISC",
      "dependencies": {
        "dayjs": "^1.11.3",
        "uni-crazy-router": "^1.1.1"
      }
    },
    "node_modules/dayjs": {
      "version": "1.11.3",
      "resolved": "https://registry.npmmirror.com/dayjs/-/dayjs-1.11.3.tgz",
      "integrity": "sha512-xxwlswWOlGhzgQ4TKzASQkUhqERI3egRNqgV4ScR8wlANA/A9tZ7miXa44vTTKEq5l7vWoL5G57bG3zA+Kow0A=="
    },
    "node_modules/uni-crazy-router": {
      "version": "1.1.1",
      "resolved": "https://registry.npmmirror.com/uni-crazy-router/-/uni-crazy-router-1.1.1.tgz",
      "integrity": "sha512-vxGq9AgSx85Ed6lkg1R5tQ1umTqluUhNDyMXE0lmdIVgCGRVblE/iaHoPKQmPgwvZTObVvVaHKQk0et5O44UWQ==",
      "peerDependencies": {
        "regenerator-runtime": "0.12.1",
        "url": "^0.11.0"
      }
    }
  },
  "dependencies": {
    "dayjs": {
      "version": "1.11.3",
      "resolved": "https://registry.npmmirror.com/dayjs/-/dayjs-1.11.3.tgz",
      "integrity": "sha512-xxwlswWOlGhzgQ4TKzASQkUhqERI3egRNqgV4ScR8wlANA/A9tZ7miXa44vTTKEq5l7vWoL5G57bG3zA+Kow0A=="
    },
    "uni-crazy-router": {
      "version": "1.1.1",
      "resolved": "https://registry.npmmirror.com/uni-crazy-router/-/uni-crazy-router-1.1.1.tgz",
      "integrity": "sha512-vxGq9AgSx85Ed6lkg1R5tQ1umTqluUhNDyMXE0lmdIVgCGRVblE/iaHoPKQmPgwvZTObVvVaHKQk0et5O44UWQ==",
      "requires": {}
    }
  }
}
